
Microsoft Visual Studio Solution File, Format Version 12.00
# Visual Studio Version 17
VisualStudioVersion = 17.4.33213.308
MinimumVisualStudioVersion = 10.0.40219.1
Project("{FAE04EC0-301F-11D3-BF4B-00C04F79EFBC}") = "blogProject", "blogProject\blogProject.csproj", "{3C88D1E2-3B5B-45CE-9C04-8E27D900A987}"
EndProject
Global
	GlobalSection(SolutionConfigurationPlatforms) = preSolution
		Debug|Any CPU = Debug|Any CPU
		Release|Any CPU = Release|Any CPU
	EndGlobalSection
	GlobalSection(ProjectConfigurationPlatforms) = postSolution
		{3C88D1E2-3B5B-45CE-9C04-8E27D900A987}.Debug|Any CPU.ActiveCfg = Debug|Any CPU
		{3C88D1E2-3B5B-45CE-9C04-8E27D900A987}.Debug|Any CPU.Build.0 = Debug|Any CPU
		{3C88D1E2-3B5B-45CE-9C04-8E27D900A987}.Release|Any CPU.ActiveCfg = Release|Any CPU
		{3C88D1E2-3B5B-45CE-9C04-8E27D900A987}.Release|Any CPU.Build.0 = Release|Any CPU
	EndGlobalSection
	GlobalSection(SolutionProperties) = preSolution
		HideSolutionNode = FALSE
	EndGlobalSection
	GlobalSection(ExtensibilityGlobals) = postSolution
		SolutionGuid = {7F39F8A4-84DE-41C1-95D4-04E929BC094D}
	EndGlobalSection
EndGlobal
